
Microsoft Visual Studio Solution File, Format Version 12.00
# Visual Studio Version 17
VisualStudioVersion = 17.11.35327.3
MinimumVisualStudioVersion = 10.0.40219.1
Project("{FAE04EC0-301F-11D3-BF4B-00C04F79EFBC}") = "SmartHomeWeb.Server", "SmartHomeWeb.Server\SmartHomeWeb.Server.csproj", "{173812CF-1F55-41A9-B411-E4C635918ACB}"
EndProject
Project("{54A90642-561A-4BB1-A94E-469ADEE60C69}") = "smarthomeweb.client", "smarthomeweb.client\smarthomeweb.client.esproj", "{EBDE648E-B729-4AFB-82D8-8622BB9059BA}"
EndProject
Global
	GlobalSection(SolutionConfigurationPlatforms) = preSolution
		Debug|Any CPU = Debug|Any CPU
		Release|Any CPU = Release|Any CPU
	EndGlobalSection
	GlobalSection(ProjectConfigurationPlatforms) = postSolution
		{173812CF-1F55-41A9-B411-E4C635918ACB}.Debug|Any CPU.ActiveCfg = Debug|Any CPU
		{173812CF-1F55-41A9-B411-E4C635918ACB}.Debug|Any CPU.Build.0 = Debug|Any CPU
		{173812CF-1F55-41A9-B411-E4C635918ACB}.Release|Any CPU.ActiveCfg = Release|Any CPU
		{173812CF-1F55-41A9-B411-E4C635918ACB}.Release|Any CPU.Build.0 = Release|Any CPU
		{EBDE648E-B729-4AFB-82D8-8622BB9059BA}.Debug|Any CPU.ActiveCfg = Debug|Any CPU
		{EBDE648E-B729-4AFB-82D8-8622BB9059BA}.Debug|Any CPU.Build.0 = Debug|Any CPU
		{EBDE648E-B729-4AFB-82D8-8622BB9059BA}.Debug|Any CPU.Deploy.0 = Debug|Any CPU
		{EBDE648E-B729-4AFB-82D8-8622BB9059BA}.Release|Any CPU.ActiveCfg = Release|Any CPU
		{EBDE648E-B729-4AFB-82D8-8622BB9059BA}.Release|Any CPU.Build.0 = Release|Any CPU
		{EBDE648E-B729-4AFB-82D8-8622BB9059BA}.Release|Any CPU.Deploy.0 = Release|Any CPU
	EndGlobalSection
	GlobalSection(SolutionProperties) = preSolution
		HideSolutionNode = FALSE
	EndGlobalSection
	GlobalSection(ExtensibilityGlobals) = postSolution
		SolutionGuid = {4965F9A4-37F8-4E54-B492-34D9AC44D1EC}
	EndGlobalSection
EndGlobal
